<?xml version="1.0" encoding="utf-8"?>
<Project ToolsVersion="4.0" xmlns="http://schemas.microsoft.com/developer/msbuild/2003">
  <ItemGroup>
    <Filter Include="Source Files">
      <UniqueIdentifier>{4FC737F1-C7A5-4376-A066-2A32D752A2FF}</UniqueIdentifier>
      <Extensions>cpp;c;cc;cxx;def;odl;idl;hpj;bat;asm;asmx</Extensions>
    </Filter>
    <Filter Include="Header Files">
      <UniqueIdentifier>{93995380-89BD-4b04-88EB-625FBE52EBFB}</UniqueIdentifier>
      <Extensions>h;hh;hpp;hxx;hm;inl;inc;ipp;xsd</Extensions>
    </Filter>
    <Filter Include="Resource Files">
      <UniqueIdentifier>{67DA6AB6-F800-4c08-8B7A-83BB121AAD01}</UniqueIdentifier>
      <Extensions>rc;ico;cur;bmp;dlg;rc2;rct;bin;rgs;gif;jpg;jpeg;jpe;resx;tiff;tif;png;wav;mfcribbon-ms</Extensions>
    </Filter>
  </ItemGroup>
  <ItemGroup>
    <ClCompile Include="src\pch.cpp">
      <Filter>Source Files</Filter>
    </ClCompile>
    <ClCompile Include="src\main.cpp">
      <Filter>Source Files</Filter>
    </ClCompile>
    <ClCompile Include="vender\ImGui\imgui.cpp">
      <Filter>Source Files</Filter>
    </ClCompile>
    <ClCompile Include="vender\ImGui\imgui_demo.cpp">
      <Filter>Source Files</Filter>
    </ClCompile>
    <ClCompile Include="vender\ImGui\imgui_draw.cpp">
      <Filter>Source Files</Filter>
    </ClCompile>
    <ClCompile Include="vender\ImGui\imgui_widgets.cpp">
      <Filter>Source Files</Filter>
    </ClCompile>
    <ClCompile Include="vender\ImGuiColorTextEdit\TextEditor.cpp">
      <Filter>Source Files</Filter>
    </ClCompile>
    <ClCompile Include="vender\ImSf\imgui-SFML.cpp">
      <Filter>Source Files</Filter>
    </ClCompile>
    <ClCompile Include="src\windows\static_initialize.cpp">
      <Filter>Source Files</Filter>
    </ClCompile>
    <ClCompile Include="src\windows\assets_create\ObjectCreator.cpp">
      <Filter>Source Files</Filter>
    </ClCompile>
    <ClCompile Include="src\windows\assets_create\ScriptCreator.cpp">
      <Filter>Source Files</Filter>
    </ClCompile>
    <ClCompile Include="src\core\PyUtils.cpp">
      <Filter>Source Files</Filter>
    </ClCompile>
    <ClCompile Include="src\core\CLI.cpp">
      <Filter>Source Files</Filter>
    </ClCompile>
    <ClCompile Include="src\core\Resources.cpp">
      <Filter>Source Files</Filter>
    </ClCompile>
    <ClCompile Include="src\core\EmbededApplication.cpp">
      <Filter>Source Files</Filter>
    </ClCompile>
    <ClCompile Include="src\windows\file_tree\FileTree.cpp">
      <Filter>Source Files</Filter>
    </ClCompile>
    <ClCompile Include="src\windows\file_tree\assets_tree.cpp">
      <Filter>Source Files</Filter>
    </ClCompile>
    <ClCompile Include="src\windows\file_tree\object_tree.cpp">
      <Filter>Source Files</Filter>
    </ClCompile>
    <ClCompile Include="src\windows\file_tree\scene_tree.cpp">
      <Filter>Source Files</Filter>
    </ClCompile>
    <ClCompile Include="vender\ImGuiAddnl\node_graph.cpp">
      <Filter>Source Files</Filter>
    </ClCompile>
    <ClCompile Include="src\windows\projerty_editor\ObjPropEditor.cpp">
      <Filter>Source Files</Filter>
    </ClCompile>
    <ClCompile Include="src\windows\projerty_editor\SpritePropEditor.cpp">
      <Filter>Source Files</Filter>
    </ClCompile>
    <ClCompile Include="src\windows\projerty_editor\AreaPropEditor.cpp">
      <Filter>Source Files</Filter>
    </ClCompile>
  </ItemGroup>
  <ItemGroup>
    <ClInclude Include="resource.h">
      <Filter>Header Files</Filter>
    </ClInclude>
    <ClInclude Include="src\pch.h">
      <Filter>Header Files</Filter>
    </ClInclude>
    <ClInclude Include="vender\ImGui\imconfig.h">
      <Filter>Header Files</Filter>
    </ClInclude>
    <ClInclude Include="vender\ImGui\imgui.h">
      <Filter>Header Files</Filter>
    </ClInclude>
    <ClInclude Include="vender\ImGui\imgui_internal.h">
      <Filter>Header Files</Filter>
    </ClInclude>
    <ClInclude Include="vender\ImGui\imstb_rectpack.h">
      <Filter>Header Files</Filter>
    </ClInclude>
    <ClInclude Include="vender\ImGui\imstb_textedit.h">
      <Filter>Header Files</Filter>
    </ClInclude>
    <ClInclude Include="vender\ImGui\imstb_truetype.h">
      <Filter>Header Files</Filter>
    </ClInclude>
    <ClInclude Include="vender\ImGuiColorTextEdit\TextEditor.h">
      <Filter>Header Files</Filter>
    </ClInclude>
    <ClInclude Include="vender\ImSf\imconfig-SFML.h">
      <Filter>Header Files</Filter>
    </ClInclude>
    <ClInclude Include="vender\ImSf\imgui-SFML.h">
      <Filter>Header Files</Filter>
    </ClInclude>
    <ClInclude Include="vender\ImSf\imgui-SFML_export.h">
      <Filter>Header Files</Filter>
    </ClInclude>
    <ClInclude Include="vender\ImGui\imgui_memory_editor.h">
      <Filter>Header Files</Filter>
    </ClInclude>
    <ClInclude Include="src\windows\StartWindow.h">
      <Filter>Header Files</Filter>
    </ClInclude>
    <ClInclude Include="src\core\MainMenuBar.h">
      <Filter>Header Files</Filter>
    </ClInclude>
    <ClInclude Include="src\windows\assets_create\ScriptsCreator.h">
      <Filter>Header Files</Filter>
    </ClInclude>
    <ClInclude Include="src\windows\assets_create\ObjectCreator.h">
      <Filter>Header Files</Filter>
    </ClInclude>
    <ClInclude Include="src\windows\PyInterpriter.h">
      <Filter>Header Files</Filter>
    </ClInclude>
    <ClInclude Include="src\windows\views\FontViwers.h">
      <Filter>Header Files</Filter>
    </ClInclude>
    <ClInclude Include="src\windows\views\HexEditors.h">
      <Filter>Header Files</Filter>
    </ClInclude>
    <ClInclude Include="src\windows\views\TextEditors.h">
      <Filter>Header Files</Filter>
    </ClInclude>
    <ClInclude Include="src\windows\views\ImageViwers.h">
      <Filter>Header Files</Filter>
    </ClInclude>
    <ClInclude Include="src\core\PyUtils.h">
      <Filter>Header Files</Filter>
    </ClInclude>
    <ClInclude Include="src\core\CLI.h">
      <Filter>Header Files</Filter>
    </ClInclude>
    <ClInclude Include="src\core\Resources.h">
      <Filter>Header Files</Filter>
    </ClInclude>
    <ClInclude Include="src\core\Console.h">
      <Filter>Header Files</Filter>
    </ClInclude>
    <ClInclude Include="src\windows\ExplorerPopup.h">
      <Filter>Header Files</Filter>
    </ClInclude>
    <ClInclude Include="src\core\EmbededApplication.h">
      <Filter>Header Files</Filter>
    </ClInclude>
    <ClInclude Include="src\windows\file_tree\FileTree.h">
      <Filter>Header Files</Filter>
    </ClInclude>
    <ClInclude Include="vender\ImGuiAddnl\node_graph.h">
      <Filter>Header Files</Filter>
    </ClInclude>
    <ClInclude Include="src\windows\projerty_editor\ObjPropEditor.h">
      <Filter>Header Files</Filter>
    </ClInclude>
    <ClInclude Include="src\windows\projerty_editor\SpritePropEditor.h">
      <Filter>Header Files</Filter>
    </ClInclude>
    <ClInclude Include="src\windows\projerty_editor\AreaPropEditor.h">
      <Filter>Header Files</Filter>
    </ClInclude>
  </ItemGroup>
  <ItemGroup>
    <Image Include="res\logo.png">
      <Filter>Resource Files</Filter>
    </Image>
    <Image Include="icons\file_icon.ico">
      <Filter>Resource Files</Filter>
    </Image>
    <Image Include="icons\icon.ico">
      <Filter>Resource Files</Filter>
    </Image>
  </ItemGroup>
  <ItemGroup>
    <ResourceCompile Include="Editor.rc">
      <Filter>Resource Files</Filter>
    </ResourceCompile>
  </ItemGroup>
  <ItemGroup>
    <None Include="src\cli\proj_init\assets_loader.py" />
    <None Include="peconfig.init" />
    <None Include="src\pysrc\proj_init\assets_updater.py" />
    <None Include="src\pysrc\proj_init\init.py" />
    <None Include="src\pysrc\proj_init\proj_updater.py" />
    <None Include="src\pysrc\proj_init\register_updater.py" />
    <None Include="src\pysrc\conf_projupdater.py" />
    <None Include="src\pysrc\obj_maker.py" />
    <None Include="src\pysrc\scene_maker.py" />
    <None Include="src\pysrc\explorer.py" />
    <None Include="src\pysrc\file_tree.py" />
    <None Include="imgui.ini" />
    <None Include="src\pysrc\proj_init\clean.py" />
    <None Include="src\pysrc\utils\math_util.py" />
    <None Include="src\pysrc\utils\str_util.py" />
    <None Include="src\pysrc\utils\file_util.py" />
    <None Include="src\pysrc\assets_maker\object_reader.py" />
  </ItemGroup>
</Project>