<?xml version="1.0" encoding="utf-8"?>
<Project ToolsVersion="4.0" xmlns="http://schemas.microsoft.com/developer/msbuild/2003">
  <ItemGroup>
    <Filter Include="Source Files">
      <UniqueIdentifier>{4FC737F1-C7A5-4376-A066-2A32D752A2FF}</UniqueIdentifier>
      <Extensions>cpp;c;cc;cxx;def;odl;idl;hpj;bat;asm;asmx</Extensions>
    </Filter>
    <Filter Include="Header Files">
      <UniqueIdentifier>{93995380-89BD-4b04-88EB-625FBE52EBFB}</UniqueIdentifier>
      <Extensions>h;hh;hpp;hxx;hm;inl;inc;ipp;xsd</Extensions>
    </Filter>
    <Filter Include="Resource Files">
      <UniqueIdentifier>{67DA6AB6-F800-4c08-8B7A-83BB121AAD01}</UniqueIdentifier>
      <Extensions>rc;ico;cur;bmp;dlg;rc2;rct;bin;rgs;gif;jpg;jpeg;jpe;resx;tiff;tif;png;wav;mfcribbon-ms</Extensions>
    </Filter>
  </ItemGroup>
  <ItemGroup>
    <ClCompile Include="src\pch.cpp">
      <Filter>Source Files</Filter>
    </ClCompile>
    <ClCompile Include="src\api\Application.cpp">
      <Filter>Source Files</Filter>
    </ClCompile>
    <ClCompile Include="src\api\entities\Sprite.cpp">
      <Filter>Source Files</Filter>
    </ClCompile>
    <ClCompile Include="src\api\entities\Object.cpp">
      <Filter>Source Files</Filter>
    </ClCompile>
    <ClCompile Include="src\api\Scene.cpp">
      <Filter>Source Files</Filter>
    </ClCompile>
    <ClCompile Include="src\api\entities\Background.cpp">
      <Filter>Source Files</Filter>
    </ClCompile>
    <ClCompile Include="src\api\entities\Area.cpp">
      <Filter>Source Files</Filter>
    </ClCompile>
    <ClCompile Include="src\api\entities\Animation.cpp">
      <Filter>Source Files</Filter>
    </ClCompile>
    <ClCompile Include="src\api\entities\Timer.cpp">
      <Filter>Source Files</Filter>
    </ClCompile>
    <ClCompile Include="src\api\Assets.cpp">
      <Filter>Source Files</Filter>
    </ClCompile>
    <ClCompile Include="src\api\utils\AssetsWriter.cpp">
      <Filter>Source Files</Filter>
    </ClCompile>
    <ClCompile Include="src\api\misc\misc.cpp">
      <Filter>Source Files</Filter>
    </ClCompile>
    <ClCompile Include="src\api\utils\AssetsReader.cpp">
      <Filter>Source Files</Filter>
    </ClCompile>
    <ClCompile Include="vender\tinyxml2\tinyxml2.cpp">
      <Filter>Source Files</Filter>
    </ClCompile>
    <ClCompile Include="src\bindings\python\entities\py_Object.cpp">
      <Filter>Source Files</Filter>
    </ClCompile>
    <ClCompile Include="src\bindings\python\entities\py_Animation.cpp">
      <Filter>Source Files</Filter>
    </ClCompile>
    <ClCompile Include="src\bindings\python\entities\py_Area.cpp">
      <Filter>Source Files</Filter>
    </ClCompile>
    <ClCompile Include="src\bindings\python\entities\py_Signal_Timer.cpp">
      <Filter>Source Files</Filter>
    </ClCompile>
    <ClCompile Include="src\bindings\python\entities\py_Sprite.cpp">
      <Filter>Source Files</Filter>
    </ClCompile>
    <ClCompile Include="src\bindings\python\entities\py_Texture.cpp">
      <Filter>Source Files</Filter>
    </ClCompile>
    <ClCompile Include="src\bindings\python\types\py_Color.cpp">
      <Filter>Source Files</Filter>
    </ClCompile>
    <ClCompile Include="src\bindings\python\types\py_Draw_Trans.cpp">
      <Filter>Source Files</Filter>
    </ClCompile>
    <ClCompile Include="src\bindings\python\types\py_Event.cpp">
      <Filter>Source Files</Filter>
    </ClCompile>
    <ClCompile Include="src\bindings\python\types\py_Rect.cpp">
      <Filter>Source Files</Filter>
    </ClCompile>
    <ClCompile Include="src\bindings\python\types\py_Shape.cpp">
      <Filter>Source Files</Filter>
    </ClCompile>
    <ClCompile Include="src\bindings\python\types\py_Vect.cpp">
      <Filter>Source Files</Filter>
    </ClCompile>
    <ClCompile Include="src\bindings\python\pe_api\py_Assets.cpp">
      <Filter>Source Files</Filter>
    </ClCompile>
    <ClCompile Include="src\bindings\python\entities\py_Background.cpp">
      <Filter>Source Files</Filter>
    </ClCompile>
    <ClCompile Include="src\api\Pixel-Engine.cpp">
      <Filter>Source Files</Filter>
    </ClCompile>
    <ClCompile Include="src\api\utils\FileHandler.cpp">
      <Filter>Source Files</Filter>
    </ClCompile>
  </ItemGroup>
  <ItemGroup>
    <ClInclude Include="src\api\core.h">
      <Filter>Header Files</Filter>
    </ClInclude>
    <ClInclude Include="src\api\Pixel-Engine.h">
      <Filter>Header Files</Filter>
    </ClInclude>
    <ClInclude Include="src\pch.h">
      <Filter>Header Files</Filter>
    </ClInclude>
    <ClInclude Include="src\api\Application.h">
      <Filter>Header Files</Filter>
    </ClInclude>
    <ClInclude Include="src\api\entities\Sprite.h">
      <Filter>Header Files</Filter>
    </ClInclude>
    <ClInclude Include="src\api\entities\Object.h">
      <Filter>Header Files</Filter>
    </ClInclude>
    <ClInclude Include="src\api\Scene.h">
      <Filter>Header Files</Filter>
    </ClInclude>
    <ClInclude Include="src\api\entities\Background.h">
      <Filter>Header Files</Filter>
    </ClInclude>
    <ClInclude Include="src\api\entities\Area.h">
      <Filter>Header Files</Filter>
    </ClInclude>
    <ClInclude Include="src\api\entities\Signal.h">
      <Filter>Header Files</Filter>
    </ClInclude>
    <ClInclude Include="src\api\entities\Animation.h">
      <Filter>Header Files</Filter>
    </ClInclude>
    <ClInclude Include="src\api\entities\Timer.h">
      <Filter>Header Files</Filter>
    </ClInclude>
    <ClInclude Include="src\api\utils\math_utils.h">
      <Filter>Header Files</Filter>
    </ClInclude>
    <ClInclude Include="src\api\Assets.h">
      <Filter>Header Files</Filter>
    </ClInclude>
    <ClInclude Include="src\api\misc\Texture.h">
      <Filter>Header Files</Filter>
    </ClInclude>
    <ClInclude Include="src\api\misc\Event.h">
      <Filter>Header Files</Filter>
    </ClInclude>
    <ClInclude Include="src\api\misc\Font.h">
      <Filter>Header Files</Filter>
    </ClInclude>
    <ClInclude Include="src\api\utils\AssetsWriter.h">
      <Filter>Header Files</Filter>
    </ClInclude>
    <ClInclude Include="src\api\misc\Drawable.h">
      <Filter>Header Files</Filter>
    </ClInclude>
    <ClInclude Include="src\api\utils\AssetsReader.h">
      <Filter>Header Files</Filter>
    </ClInclude>
    <ClInclude Include="src\api\entities\Asset.h">
      <Filter>Header Files</Filter>
    </ClInclude>
    <ClInclude Include="vender\tinyxml2\tinyxml2.h">
      <Filter>Header Files</Filter>
    </ClInclude>
    <ClInclude Include="src\bindings\python\types\types.h">
      <Filter>Header Files</Filter>
    </ClInclude>
    <ClInclude Include="src\bindings\python\entities\entities.h">
      <Filter>Header Files</Filter>
    </ClInclude>
    <ClInclude Include="src\bindings\python\pybind.h">
      <Filter>Header Files</Filter>
    </ClInclude>
    <ClInclude Include="src\bindings\python\pe_api\pe_api.h">
      <Filter>Header Files</Filter>
    </ClInclude>
    <ClInclude Include="src\bindings\python\PythonObject.h">
      <Filter>Header Files</Filter>
    </ClInclude>
    <ClInclude Include="src\api\utils\FileHandler.h">
      <Filter>Header Files</Filter>
    </ClInclude>
  </ItemGroup>
  <ItemGroup>
    <None Include="DevLog" />
  </ItemGroup>
  <ItemGroup>
    <Image Include="icon.ico">
      <Filter>Resource Files</Filter>
    </Image>
    <Image Include="logo.png">
      <Filter>Resource Files</Filter>
    </Image>
  </ItemGroup>
</Project>