<?xml version="1.0" encoding="utf-8"?>
<Project ToolsVersion="4.0" xmlns="http://schemas.microsoft.com/developer/msbuild/2003">
  <ItemGroup>
    <Filter Include="Source Files">
      <UniqueIdentifier>{4FC737F1-C7A5-4376-A066-2A32D752A2FF}</UniqueIdentifier>
      <Extensions>cpp;c;cc;cxx;def;odl;idl;hpj;bat;asm;asmx</Extensions>
    </Filter>
    <Filter Include="Header Files">
      <UniqueIdentifier>{93995380-89BD-4b04-88EB-625FBE52EBFB}</UniqueIdentifier>
      <Extensions>h;hh;hpp;hxx;hm;inl;inc;ipp;xsd</Extensions>
    </Filter>
    <Filter Include="Resource Files">
      <UniqueIdentifier>{67DA6AB6-F800-4c08-8B7A-83BB121AAD01}</UniqueIdentifier>
      <Extensions>rc;ico;cur;bmp;dlg;rc2;rct;bin;rgs;gif;jpg;jpeg;jpe;resx;tiff;tif;png;wav;mfcribbon-ms</Extensions>
    </Filter>
    <Filter Include="Header Files\api">
      <UniqueIdentifier>{72bbbc98-64f9-48ed-b571-88a9ea5aa48c}</UniqueIdentifier>
    </Filter>
    <Filter Include="Source Files\api">
      <UniqueIdentifier>{341a01af-6cae-4ccc-9681-ffec84af484c}</UniqueIdentifier>
    </Filter>
  </ItemGroup>
  <ItemGroup>
    <ClInclude Include="src\Pixel-Engine\EntryPoint.h">
      <Filter>Header Files</Filter>
    </ClInclude>
    <ClInclude Include="src\pepch.h">
      <Filter>Header Files</Filter>
    </ClInclude>
    <ClInclude Include="src\Pixel-Engine\Application.h">
      <Filter>Header Files\api</Filter>
    </ClInclude>
    <ClInclude Include="src\Pixel-Engine\Core.h">
      <Filter>Header Files\api</Filter>
    </ClInclude>
    <ClInclude Include="src\Pixel-Engine\Math\math.h">
      <Filter>Header Files\api</Filter>
    </ClInclude>
    <ClInclude Include="src\Pixel-Engine\Pixel-Engine.h">
      <Filter>Header Files\api</Filter>
    </ClInclude>
    <ClInclude Include="src\Pixel-Engine\Math\vect2.h">
      <Filter>Header Files\api</Filter>
    </ClInclude>
    <ClInclude Include="src\Pixel-Engine\Math\vect3.h">
      <Filter>Header Files\api</Filter>
    </ClInclude>
    <ClInclude Include="src\Pixel-Engine\Math\vect4.h">
      <Filter>Header Files\api</Filter>
    </ClInclude>
    <ClInclude Include="src\Pixel-Engine\Window.h">
      <Filter>Header Files\api</Filter>
    </ClInclude>
    <ClInclude Include="src\Pixel-Engine\Logger.h">
      <Filter>Header Files\api</Filter>
    </ClInclude>
  </ItemGroup>
  <ItemGroup>
    <ClCompile Include="src\pepch.cpp">
      <Filter>Source Files</Filter>
    </ClCompile>
    <ClCompile Include="src\Pixel-Engine\Application.cpp">
      <Filter>Source Files\api</Filter>
    </ClCompile>
    <ClCompile Include="src\Pixel-Engine\Math\vect2.cpp">
      <Filter>Source Files\api</Filter>
    </ClCompile>
    <ClCompile Include="src\Pixel-Engine\Math\vect3.cpp">
      <Filter>Source Files\api</Filter>
    </ClCompile>
    <ClCompile Include="src\Pixel-Engine\Math\vect4.cpp">
      <Filter>Source Files\api</Filter>
    </ClCompile>
    <ClCompile Include="src\Pixel-Engine\Window.cpp">
      <Filter>Source Files\api</Filter>
    </ClCompile>
    <ClCompile Include="src\Pixel-Engine\Logger.cpp">
      <Filter>Source Files</Filter>
    </ClCompile>
  </ItemGroup>
  <ItemGroup>
    <None Include="DevLog" />
  </ItemGroup>
</Project>